// !$*UTF8*$!
{
	archiveVersion = 1;
	classes = {
	};
	objectVersion = 50;
	objects = {

/* Begin PBXBuildFile section */
		CDF89D4225E461E1009F3D6C /* TabViewNavigationApp.swift in Sources */ = {isa = PBXBuildFile; fileRef = CDF89D4125E461E1009F3D6C /* TabViewNavigationApp.swift */; };
		CDF89D4425E461E1009F3D6C /* ContentView.swift in Sources */ = {isa = PBXBuildFile; fileRef = CDF89D4325E461E1009F3D6C /* ContentView.swift */; };
		CDF89D4625E461E6009F3D6C /* Assets.xcassets in Resources */ = {isa = PBXBuildFile; fileRef = CDF89D4525E461E6009F3D6C /* Assets.xcassets */; };
		CDF89D4925E461E6009F3D6C /* Preview Assets.xcassets in Resources */ = {isa = PBXBuildFile; fileRef = CDF89D4825E461E6009F3D6C /* Preview Assets.xcassets */; };
		CDF89D5425E461E6009F3D6C /* TabViewNavigationTests.swift in Sources */ = {isa = PBXBuildFile; fileRef = CDF89D5325E461E6009F3D6C /* TabViewNavigationTests.swift */; };
		CDF89D5F25E461E6009F3D6C /* TabViewNavigationUITests.swift in Sources */ = {isa = PBXBuildFile; fileRef = CDF89D5E25E461E6009F3D6C /* TabViewNavigationUITests.swift */; };
/* End PBXBuildFile section */

/* Begin PBXContainerItemProxy section */
		CDF89D5025E461E6009F3D6C /* PBXContainerItemProxy */ = {
			isa = PBXContainerItemProxy;
			containerPortal = CDF89D3625E461E1009F3D6C /* Project object */;
			proxyType = 1;
			remoteGlobalIDString = CDF89D3D25E461E1009F3D6C;
			remoteInfo = TabViewNavigation;
		};
		CDF89D5B25E461E6009F3D6C /* PBXContainerItemProxy */ = {
			isa = PBXContainerItemProxy;
			containerPortal = CDF89D3625E461E1009F3D6C /* Project object */;
			proxyType = 1;
			remoteGlobalIDString = CDF89D3D25E461E1009F3D6C;
			remoteInfo = TabViewNavigation;
		};
/* End PBXContainerItemProxy section */

/* Begin PBXFileReference section */
		CDF89D3E25E461E1009F3D6C /* TabViewNavigation.app */ = {isa = PBXFileReference; explicitFileType = wrapper.application; includeInIndex = 0; path = TabViewNavigation.app; sourceTree = BUILT_PRODUCTS_DIR; };
		CDF89D4125E461E1009F3D6C /* TabViewNavigationApp.swift */ = {isa = PBXFileReference; lastKnownFileType = sourcecode.swift; path = TabViewNavigationApp.swift; sourceTree = "<group>"; };
		CDF89D4325E461E1009F3D6C /* ContentView.swift */ = {isa = PBXFileReference; lastKnownFileType = sourcecode.swift; path = ContentView.swift; sourceTree = "<group>"; };
		CDF89D4525E461E6009F3D6C /* Assets.xcassets */ = {isa = PBXFileReference; lastKnownFileType = folder.assetcatalog; path = Assets.xcassets; sourceTree = "<group>"; };
		CDF89D4825E461E6009F3D6C /* Preview Assets.xcassets */ = {isa = PBXFileReference; lastKnownFileType = folder.assetcatalog; path = "Preview Assets.xcassets"; sourceTree = "<group>"; };
		CDF89D4A25E461E6009F3D6C /* Info.plist */ = {isa = PBXFileReference; lastKnownFileType = text.plist.xml; path = Info.plist; sourceTree = "<group>"; };
		CDF89D4F25E461E6009F3D6C /* TabViewNavigationTests.xctest */ = {isa = PBXFileReference; explicitFileType = wrapper.cfbundle; includeInIndex = 0; path = TabViewNavigationTests.xctest; sourceTree = BUILT_PRODUCTS_DIR; };
		CDF89D5325E461E6009F3D6C /* TabViewNavigationTests.swift */ = {isa = PBXFileReference; lastKnownFileType = sourcecode.swift; path = TabViewNavigationTests.swift; sourceTree = "<group>"; };
		CDF89D5525E461E6009F3D6C /* Info.plist */ = {isa = PBXFileReference; lastKnownFileType = text.plist.xml; path = Info.plist; sourceTree = "<group>"; };
		CDF89D5A25E461E6009F3D6C /* TabViewNavigationUITests.xctest */ = {isa = PBXFileReference; explicitFileType = wrapper.cfbundle; includeInIndex = 0; path = TabViewNavigationUITests.xctest; sourceTree = BUILT_PRODUCTS_DIR; };
		CDF89D5E25E461E6009F3D6C /* TabViewNavigationUITests.swift */ = {isa = PBXFileReference; lastKnownFileType = sourcecode.swift; path = TabViewNavigationUITests.swift; sourceTree = "<group>"; };
		CDF89D6025E461E6009F3D6C /* Info.plist */ = {isa = PBXFileReference; lastKnownFileType = text.plist.xml; path = Info.plist; sourceTree = "<group>"; };
/* End PBXFileReference section */

/* Begin PBXFrameworksBuildPhase section */
		CDF89D3B25E461E1009F3D6C /* Frameworks */ = {
			isa = PBXFrameworksBuildPhase;
			buildActionMask = 2147483647;
			files = (
			);
			runOnlyForDeploymentPostprocessing = 0;
		};
		CDF89D4C25E461E6009F3D6C /* Frameworks */ = {
			isa = PBXFrameworksBuildPhase;
			buildActionMask = 2147483647;
			files = (
			);
			runOnlyForDeploymentPostprocessing = 0;
		};
		CDF89D5725E461E6009F3D6C /* Frameworks */ = {
			isa = PBXFrameworksBuildPhase;
			buildActionMask = 2147483647;
			files = (
			);
			runOnlyForDeploymentPostprocessing = 0;
		};
/* End PBXFrameworksBuildPhase section */

/* Begin PBXGroup section */
		CDF89D3525E461E1009F3D6C = {
			isa = PBXGroup;
			children = (
				CDF89D4025E461E1009F3D6C /* TabViewNavigation */,
				CDF89D5225E461E6009F3D6C /* TabViewNavigationTests */,
				CDF89D5D25E461E6009F3D6C /* TabViewNavigationUITests */,
				CDF89D3F25E461E1009F3D6C /* Products */,
			);
			sourceTree = "<group>";
		};
		CDF89D3F25E461E1009F3D6C /* Products */ = {
			isa = PBXGroup;
			children = (
				CDF89D3E25E461E1009F3D6C /* TabViewNavigation.app */,
				CDF89D4F25E461E6009F3D6C /* TabViewNavigationTests.xctest */,
				CDF89D5A25E461E6009F3D6C /* TabViewNavigationUITests.xctest */,
			);
			name = Products;
			sourceTree = "<group>";
		};
		CDF89D4025E461E1009F3D6C /* TabViewNavigation */ = {
			isa = PBXGroup;
			children = (
				CDF89D4125E461E1009F3D6C /* TabViewNavigationApp.swift */,
				CDF89D4325E461E1009F3D6C /* ContentView.swift */,
				CDF89D4525E461E6009F3D6C /* Assets.xcassets */,
				CDF89D4A25E461E6009F3D6C /* Info.plist */,
				CDF89D4725E461E6009F3D6C /* Preview Content */,
			);
			path = TabViewNavigation;
			sourceTree = "<group>";
		};
		CDF89D4725E461E6009F3D6C /* Preview Content */ = {
			isa = PBXGroup;
			children = (
				CDF89D4825E461E6009F3D6C /* Preview Assets.xcassets */,
			);
			path = "Preview Content";
			sourceTree = "<group>";
		};
		CDF89D5225E461E6009F3D6C /* TabViewNavigationTests */ = {
			isa = PBXGroup;
			children = (
				CDF89D5325E461E6009F3D6C /* TabViewNavigationTests.swift */,
				CDF89D5525E461E6009F3D6C /* Info.plist */,
			);
			path = TabViewNavigationTests;
			sourceTree = "<group>";
		};
		CDF89D5D25E461E6009F3D6C /* TabViewNavigationUITests */ = {
			isa = PBXGroup;
			children = (
				CDF89D5E25E461E6009F3D6C /* TabViewNavigationUITests.swift */,
				CDF89D6025E461E6009F3D6C /* Info.plist */,
			);
			path = TabViewNavigationUITests;
			sourceTree = "<group>";
		};
/* End PBXGroup section */

/* Begin PBXNativeTarget section */
		CDF89D3D25E461E1009F3D6C /* TabViewNavigation */ = {
			isa = PBXNativeTarget;
			buildConfigurationList = CDF89D6325E461E6009F3D6C /* Build configuration list for PBXNativeTarget "TabViewNavigation" */;
			buildPhases = (
				CDF89D3A25E461E1009F3D6C /* Sources */,
				CDF89D3B25E461E1009F3D6C /* Frameworks */,
				CDF89D3C25E461E1009F3D6C /* Resources */,
			);
			buildRules = (
			);
			dependencies = (
			);
			name = TabViewNavigation;
			productName = TabViewNavigation;
			productReference = CDF89D3E25E461E1009F3D6C /* TabViewNavigation.app */;
			productType = "com.apple.product-type.application";
		};
		CDF89D4E25E461E6009F3D6C /* TabViewNavigationTests */ = {
			isa = PBXNativeTarget;
			buildConfigurationList = CDF89D6625E461E6009F3D6C /* Build configuration list for PBXNativeTarget "TabViewNavigationTests" */;
			buildPhases = (
				CDF89D4B25E461E6009F3D6C /* Sources */,
				CDF89D4C25E461E6009F3D6C /* Frameworks */,
				CDF89D4D25E461E6009F3D6C /* Resources */,
			);
			buildRules = (
			);
			dependencies = (
				CDF89D5125E461E6009F3D6C /* PBXTargetDependency */,
			);
			name = TabViewNavigationTests;
			productName = TabViewNavigationTests;
			productReference = CDF89D4F25E461E6009F3D6C /* TabViewNavigationTests.xctest */;
			productType = "com.apple.product-type.bundle.unit-test";
		};
		CDF89D5925E461E6009F3D6C /* TabViewNavigationUITests */ = {
			isa = PBXNativeTarget;
			buildConfigurationList = CDF89D6925E461E6009F3D6C /* Build configuration list for PBXNativeTarget "TabViewNavigationUITests" */;
			buildPhases = (
				CDF89D5625E461E6009F3D6C /* Sources */,
				CDF89D5725E461E6009F3D6C /* Frameworks */,
				CDF89D5825E461E6009F3D6C /* Resources */,
			);
			buildRules = (
			);
			dependencies = (
				CDF89D5C25E461E6009F3D6C /* PBXTargetDependency */,
			);
			name = TabViewNavigationUITests;
			productName = TabViewNavigationUITests;
			productReference = CDF89D5A25E461E6009F3D6C /* TabViewNavigationUITests.xctest */;
			productType = "com.apple.product-type.bundle.ui-testing";
		};
/* End PBXNativeTarget section */

/* Begin PBXProject section */
		CDF89D3625E461E1009F3D6C /* Project object */ = {
			isa = PBXProject;
			attributes = {
				LastSwiftUpdateCheck = 1240;
				LastUpgradeCheck = 1240;
				TargetAttributes = {
					CDF89D3D25E461E1009F3D6C = {
						CreatedOnToolsVersion = 12.4;
					};
					CDF89D4E25E461E6009F3D6C = {
						CreatedOnToolsVersion = 12.4;
						TestTargetID = CDF89D3D25E461E1009F3D6C;
					};
					CDF89D5925E461E6009F3D6C = {
						CreatedOnToolsVersion = 12.4;
						TestTargetID = CDF89D3D25E461E1009F3D6C;
					};
				};
			};
			buildConfigurationList = CDF89D3925E461E1009F3D6C /* Build configuration list for PBXProject "TabViewNavigation" */;
			compatibilityVersion = "Xcode 9.3";
			developmentRegion = en;
			hasScannedForEncodings = 0;
			knownRegions = (
				en,
				Base,
			);
			mainGroup = CDF89D3525E461E1009F3D6C;
			productRefGroup = CDF89D3F25E461E1009F3D6C /* Products */;
			projectDirPath = "";
			projectRoot = "";
			targets = (
				CDF89D3D25E461E1009F3D6C /* TabViewNavigation */,
				CDF89D4E25E461E6009F3D6C /* TabViewNavigationTests */,
				CDF89D5925E461E6009F3D6C /* TabViewNavigationUITests */,
			);
		};
/* End PBXProject section */

/* Begin PBXResourcesBuildPhase section */
		CDF89D3C25E461E1009F3D6C /* Resources */ = {
			isa = PBXResourcesBuildPhase;
			buildActionMask = 2147483647;
			files = (
				CDF89D4925E461E6009F3D6C /* Preview Assets.xcassets in Resources */,
				CDF89D4625E461E6009F3D6C /* Assets.xcassets in Resources */,
			);
			runOnlyForDeploymentPostprocessing = 0;
		};
		CDF89D4D25E461E6009F3D6C /* Resources */ = {
			isa = PBXResourcesBuildPhase;
			buildActionMask = 2147483647;
			files = (
			);
			runOnlyForDeploymentPostprocessing = 0;
		};
		CDF89D5825E461E6009F3D6C /* Resources */ = {
			isa = PBXResourcesBuildPhase;
			buildActionMask = 2147483647;
			files = (
			);
			runOnlyForDeploymentPostprocessing = 0;
		};
/* End PBXResourcesBuildPhase section */

/* Begin PBXSourcesBuildPhase section */
		CDF89D3A25E461E1009F3D6C /* Sources */ = {
			isa = PBXSourcesBuildPhase;
			buildActionMask = 2147483647;
			files = (
				CDF89D4425E461E1009F3D6C /* ContentView.swift in Sources */,
				CDF89D4225E461E1009F3D6C /* TabViewNavigationApp.swift in Sources */,
			);
			runOnlyForDeploymentPostprocessing = 0;
		};
		CDF89D4B25E461E6009F3D6C /* Sources */ = {
			isa = PBXSourcesBuildPhase;
			buildActionMask = 2147483647;
			files = (
				CDF89D5425E461E6009F3D6C /* TabViewNavigationTests.swift in Sources */,
			);
			runOnlyForDeploymentPostprocessing = 0;
		};
		CDF89D5625E461E6009F3D6C /* Sources */ = {
			isa = PBXSourcesBuildPhase;
			buildActionMask = 2147483647;
			files = (
				CDF89D5F25E461E6009F3D6C /* TabViewNavigationUITests.swift in Sources */,
			);
			runOnlyForDeploymentPostprocessing = 0;
		};
/* End PBXSourcesBuildPhase section */

/* Begin PBXTargetDependency section */
		CDF89D5125E461E6009F3D6C /* PBXTargetDependency */ = {
			isa = PBXTargetDependency;
			target = CDF89D3D25E461E1009F3D6C /* TabViewNavigation */;
			targetProxy = CDF89D5025E461E6009F3D6C /* PBXContainerItemProxy */;
		};
		CDF89D5C25E461E6009F3D6C /* PBXTargetDependency */ = {
			isa = PBXTargetDependency;
			target = CDF89D3D25E461E1009F3D6C /* TabViewNavigation */;
			targetProxy = CDF89D5B25E461E6009F3D6C /* PBXContainerItemProxy */;
		};
/* End PBXTargetDependency section */

/* Begin XCBuildConfiguration section */
		CDF89D6125E461E6009F3D6C /* Debug */ = {
			isa = XCBuildConfiguration;
			buildSettings = {
				ALWAYS_SEARCH_USER_PATHS = NO;
				CLANG_ANALYZER_NONNULL = YES;
				CLANG_ANALYZER_NUMBER_OBJECT_CONVERSION = YES_AGGRESSIVE;
				CLANG_CXX_LANGUAGE_STANDARD = "gnu++14";
				CLANG_CXX_LIBRARY = "libc++";
				CLANG_ENABLE_MODULES = YES;
				CLANG_ENABLE_OBJC_ARC = YES;
				CLANG_ENABLE_OBJC_WEAK = YES;
				CLANG_WARN_BLOCK_CAPTURE_AUTORELEASING = YES;
				CLANG_WARN_BOOL_CONVERSION = YES;
				CLANG_WARN_COMMA = YES;
				CLANG_WARN_CONSTANT_CONVERSION = YES;
				CLANG_WARN_DEPRECATED_OBJC_IMPLEMENTATIONS = YES;
				CLANG_WARN_DIRECT_OBJC_ISA_USAGE = YES_ERROR;
				CLANG_WARN_DOCUMENTATION_COMMENTS = YES;
				CLANG_WARN_EMPTY_BODY = YES;
				CLANG_WARN_ENUM_CONVERSION = YES;
				CLANG_WARN_INFINITE_RECURSION = YES;
				CLANG_WARN_INT_CONVERSION = YES;
				CLANG_WARN_NON_LITERAL_NULL_CONVERSION = YES;
				CLANG_WARN_OBJC_IMPLICIT_RETAIN_SELF = YES;
				CLANG_WARN_OBJC_LITERAL_CONVERSION = YES;
				CLANG_WARN_OBJC_ROOT_CLASS = YES_ERROR;
				CLANG_WARN_QUOTED_INCLUDE_IN_FRAMEWORK_HEADER = YES;
				CLANG_WARN_RANGE_LOOP_ANALYSIS = YES;
				CLANG_WARN_STRICT_PROTOTYPES = YES;
				CLANG_WARN_SUSPICIOUS_MOVE = YES;
				CLANG_WARN_UNGUARDED_AVAILABILITY = YES_AGGRESSIVE;
				CLANG_WARN_UNREACHABLE_CODE = YES;
				CLANG_WARN__DUPLICATE_METHOD_MATCH = YES;
				COPY_PHASE_STRIP = NO;
				DEBUG_INFORMATION_FORMAT = dwarf;
				ENABLE_STRICT_OBJC_MSGSEND = YES;
				ENABLE_TESTABILITY = YES;
				GCC_C_LANGUAGE_STANDARD = gnu11;
				GCC_DYNAMIC_NO_PIC = NO;
				GCC_NO_COMMON_BLOCKS = YES;
				GCC_OPTIMIZATION_LEVEL = 0;
				GCC_PREPROCESSOR_DEFINITIONS = (
					"DEBUG=1",
					"$(inherited)",
				);
				GCC_WARN_64_TO_32_BIT_CONVERSION = YES;
				GCC_WARN_ABOUT_RETURN_TYPE = YES_ERROR;
				GCC_WARN_UNDECLARED_SELECTOR = YES;
				GCC_WARN_UNINITIALIZED_AUTOS = YES_AGGRESSIVE;
				GCC_WARN_UNUSED_FUNCTION = YES;
				GCC_WARN_UNUSED_VARIABLE = YES;
				IPHONEOS_DEPLOYMENT_TARGET = 14.4;
				MTL_ENABLE_DEBUG_INFO = INCLUDE_SOURCE;
				MTL_FAST_MATH = YES;
				ONLY_ACTIVE_ARCH = YES;
				SDKROOT = iphoneos;
				SWIFT_ACTIVE_COMPILATION_CONDITIONS = DEBUG;
				SWIFT_OPTIMIZATION_LEVEL = "-Onone";
			};
			name = Debug;
		};
		CDF89D6225E461E6009F3D6C /* Release */ = {
			isa = XCBuildConfiguration;
			buildSettings = {
				ALWAYS_SEARCH_USER_PATHS = NO;
				CLANG_ANALYZER_NONNULL = YES;
				CLANG_ANALYZER_NUMBER_OBJECT_CONVERSION = YES_AGGRESSIVE;
				CLANG_CXX_LANGUAGE_STANDARD = "gnu++14";
				CLANG_CXX_LIBRARY = "libc++";
				CLANG_ENABLE_MODULES = YES;
				CLANG_ENABLE_OBJC_ARC = YES;
				CLANG_ENABLE_OBJC_WEAK = YES;
				CLANG_WARN_BLOCK_CAPTURE_AUTORELEASING = YES;
				CLANG_WARN_BOOL_CONVERSION = YES;
				CLANG_WARN_COMMA = YES;
				CLANG_WARN_CONSTANT_CONVERSION = YES;
				CLANG_WARN_DEPRECATED_OBJC_IMPLEMENTATIONS = YES;
				CLANG_WARN_DIRECT_OBJC_ISA_USAGE = YES_ERROR;
				CLANG_WARN_DOCUMENTATION_COMMENTS = YES;
				CLANG_WARN_EMPTY_BODY = YES;
				CLANG_WARN_ENUM_CONVERSION = YES;
				CLANG_WARN_INFINITE_RECURSION = YES;
				CLANG_WARN_INT_CONVERSION = YES;
				CLANG_WARN_NON_LITERAL_NULL_CONVERSION = YES;
				CLANG_WARN_OBJC_IMPLICIT_RETAIN_SELF = YES;
				CLANG_WARN_OBJC_LITERAL_CONVERSION = YES;
				CLANG_WARN_OBJC_ROOT_CLASS = YES_ERROR;
				CLANG_WARN_QUOTED_INCLUDE_IN_FRAMEWORK_HEADER = YES;
				CLANG_WARN_RANGE_LOOP_ANALYSIS = YES;
				CLANG_WARN_STRICT_PROTOTYPES = YES;
				CLANG_WARN_SUSPICIOUS_MOVE = YES;
				CLANG_WARN_UNGUARDED_AVAILABILITY = YES_AGGRESSIVE;
				CLANG_WARN_UNREACHABLE_CODE = YES;
				CLANG_WARN__DUPLICATE_METHOD_MATCH = YES;
				COPY_PHASE_STRIP = NO;
				DEBUG_INFORMATION_FORMAT = "dwarf-with-dsym";
				ENABLE_NS_ASSERTIONS = NO;
				ENABLE_STRICT_OBJC_MSGSEND = YES;
				GCC_C_LANGUAGE_STANDARD = gnu11;
				GCC_NO_COMMON_BLOCKS = YES;
				GCC_WARN_64_TO_32_BIT_CONVERSION = YES;
				GCC_WARN_ABOUT_RETURN_TYPE = YES_ERROR;
				GCC_WARN_UNDECLARED_SELECTOR = YES;
				GCC_WARN_UNINITIALIZED_AUTOS = YES_AGGRESSIVE;
				GCC_WARN_UNUSED_FUNCTION = YES;
				GCC_WARN_UNUSED_VARIABLE = YES;
				IPHONEOS_DEPLOYMENT_TARGET = 14.4;
				MTL_ENABLE_DEBUG_INFO = NO;
				MTL_FAST_MATH = YES;
				SDKROOT = iphoneos;
				SWIFT_COMPILATION_MODE = wholemodule;
				SWIFT_OPTIMIZATION_LEVEL = "-O";
				VALIDATE_PRODUCT = YES;
			};
			name = Release;
		};
		CDF89D6425E461E6009F3D6C /* Debug */ = {
			isa = XCBuildConfiguration;
			buildSettings = {
				ASSETCATALOG_COMPILER_APPICON_NAME = AppIcon;
				ASSETCATALOG_COMPILER_GLOBAL_ACCENT_COLOR_NAME = AccentColor;
				CODE_SIGN_STYLE = Automatic;
				DEVELOPMENT_ASSET_PATHS = "\"TabViewNavigation/Preview Content\"";
				DEVELOPMENT_TEAM = 46K5YMLZTF;
				ENABLE_PREVIEWS = YES;
				INFOPLIST_FILE = TabViewNavigation/Info.plist;
				IPHONEOS_DEPLOYMENT_TARGET = 14.0;
				LD_RUNPATH_SEARCH_PATHS = (
					"$(inherited)",
					"@executable_path/Frameworks",
				);
				PRODUCT_BUNDLE_IDENTIFIER = com.axis.TabViewNavigation;
				PRODUCT_NAME = "$(TARGET_NAME)";
				SWIFT_VERSION = 5.0;
				TARGETED_DEVICE_FAMILY = "1,2";
			};
			name = Debug;
		};
		CDF89D6525E461E6009F3D6C /* Release */ = {
			isa = XCBuildConfiguration;
			buildSettings = {
				ASSETCATALOG_COMPILER_APPICON_NAME = AppIcon;
				ASSETCATALOG_COMPILER_GLOBAL_ACCENT_COLOR_NAME = AccentColor;
				CODE_SIGN_STYLE = Automatic;
				DEVELOPMENT_ASSET_PATHS = "\"TabViewNavigation/Preview Content\"";
				DEVELOPMENT_TEAM = 46K5YMLZTF;
				ENABLE_PREVIEWS = YES;
				INFOPLIST_FILE = TabViewNavigation/Info.plist;
				IPHONEOS_DEPLOYMENT_TARGET = 14.0;
				LD_RUNPATH_SEARCH_PATHS = (
					"$(inherited)",
					"@executable_path/Frameworks",
				);
				PRODUCT_BUNDLE_IDENTIFIER = com.axis.TabViewNavigation;
				PRODUCT_NAME = "$(TARGET_NAME)";
				SWIFT_VERSION = 5.0;
				TARGETED_DEVICE_FAMILY = "1,2";
			};
			name = Release;
		};
		CDF89D6725E461E6009F3D6C /* Debug */ = {
			isa = XCBuildConfiguration;
			buildSettings = {
				ALWAYS_EMBED_SWIFT_STANDARD_LIBRARIES = YES;
				BUNDLE_LOADER = "$(TEST_HOST)";
				CODE_SIGN_STYLE = Automatic;
				DEVELOPMENT_TEAM = 46K5YMLZTF;
				INFOPLIST_FILE = TabViewNavigationTests/Info.plist;
				IPHONEOS_DEPLOYMENT_TARGET = 14.0;
				LD_RUNPATH_SEARCH_PATHS = (
					"$(inherited)",
					"@executable_path/Frameworks",
					"@loader_path/Frameworks",
				);
				PRODUCT_BUNDLE_IDENTIFIER = com.axis.TabViewNavigationTests;
				PRODUCT_NAME = "$(TARGET_NAME)";
				SWIFT_VERSION = 5.0;
				TARGETED_DEVICE_FAMILY = "1,2";
				TEST_HOST = "$(BUILT_PRODUCTS_DIR)/TabViewNavigation.app/TabViewNavigation";
			};
			name = Debug;
		};
		CDF89D6825E461E6009F3D6C /* Release */ = {
			isa = XCBuildConfiguration;
			buildSettings = {
				ALWAYS_EMBED_SWIFT_STANDARD_LIBRARIES = YES;
				BUNDLE_LOADER = "$(TEST_HOST)";
				CODE_SIGN_STYLE = Automatic;
				DEVELOPMENT_TEAM = 46K5YMLZTF;
				INFOPLIST_FILE = TabViewNavigationTests/Info.plist;
				IPHONEOS_DEPLOYMENT_TARGET = 14.0;
				LD_RUNPATH_SEARCH_PATHS = (
					"$(inherited)",
					"@executable_path/Frameworks",
					"@loader_path/Frameworks",
				);
				PRODUCT_BUNDLE_IDENTIFIER = com.axis.TabViewNavigationTests;
				PRODUCT_NAME = "$(TARGET_NAME)";
				SWIFT_VERSION = 5.0;
				TARGETED_DEVICE_FAMILY = "1,2";
				TEST_HOST = "$(BUILT_PRODUCTS_DIR)/TabViewNavigation.app/TabViewNavigation";
			};
			name = Release;
		};
		CDF89D6A25E461E6009F3D6C /* Debug */ = {
			isa = XCBuildConfiguration;
			buildSettings = {
				ALWAYS_EMBED_SWIFT_STANDARD_LIBRARIES = YES;
				CODE_SIGN_STYLE = Automatic;
				DEVELOPMENT_TEAM = 46K5YMLZTF;
				INFOPLIST_FILE = TabViewNavigationUITests/Info.plist;
				LD_RUNPATH_SEARCH_PATHS = (
					"$(inherited)",
					"@executable_path/Frameworks",
					"@loader_path/Frameworks",
				);
				PRODUCT_BUNDLE_IDENTIFIER = com.axis.TabViewNavigationUITests;
				PRODUCT_NAME = "$(TARGET_NAME)";
				SWIFT_VERSION = 5.0;
				TARGETED_DEVICE_FAMILY = "1,2";
				TEST_TARGET_NAME = TabViewNavigation;
			};
			name = Debug;
		};
		CDF89D6B25E461E6009F3D6C /* Release */ = {
			isa = XCBuildConfiguration;
			buildSettings = {
				ALWAYS_EMBED_SWIFT_STANDARD_LIBRARIES = YES;
				CODE_SIGN_STYLE = Automatic;
				DEVELOPMENT_TEAM = 46K5YMLZTF;
				INFOPLIST_FILE = TabViewNavigationUITests/Info.plist;
				LD_RUNPATH_SEARCH_PATHS = (
					"$(inherited)",
					"@executable_path/Frameworks",
					"@loader_path/Frameworks",
				);
				PRODUCT_BUNDLE_IDENTIFIER = com.axis.TabViewNavigationUITests;
				PRODUCT_NAME = "$(TARGET_NAME)";
				SWIFT_VERSION = 5.0;
				TARGETED_DEVICE_FAMILY = "1,2";
				TEST_TARGET_NAME = TabViewNavigation;
			};
			name = Release;
		};
/* End XCBuildConfiguration section */

/* Begin XCConfigurationList section */
		CDF89D3925E461E1009F3D6C /* Build configuration list for PBXProject "TabViewNavigation" */ = {
			isa = XCConfigurationList;
			buildConfigurations = (
				CDF89D6125E461E6009F3D6C /* Debug */,
				CDF89D6225E461E6009F3D6C /* Release */,
			);
			defaultConfigurationIsVisible = 0;
			defaultConfigurationName = Release;
		};
		CDF89D6325E461E6009F3D6C /* Build configuration list for PBXNativeTarget "TabViewNavigation" */ = {
			isa = XCConfigurationList;
			buildConfigurations = (
				CDF89D6425E461E6009F3D6C /* Debug */,
				CDF89D6525E461E6009F3D6C /* Release */,
			);
			defaultConfigurationIsVisible = 0;
			defaultConfigurationName = Release;
		};
		CDF89D6625E461E6009F3D6C /* Build configuration list for PBXNativeTarget "TabViewNavigationTests" */ = {
			isa = XCConfigurationList;
			buildConfigurations = (
				CDF89D6725E461E6009F3D6C /* Debug */,
				CDF89D6825E461E6009F3D6C /* Release */,
			);
			defaultConfigurationIsVisible = 0;
			defaultConfigurationName = Release;
		};
		CDF89D6925E461E6009F3D6C /* Build configuration list for PBXNativeTarget "TabViewNavigationUITests" */ = {
			isa = XCConfigurationList;
			buildConfigurations = (
				CDF89D6A25E461E6009F3D6C /* Debug */,
				CDF89D6B25E461E6009F3D6C /* Release */,
			);
			defaultConfigurationIsVisible = 0;
			defaultConfigurationName = Release;
		};
/* End XCConfigurationList section */
	};
	rootObject = CDF89D3625E461E1009F3D6C /* Project object */;
}
